
Microsoft Visual Studio Solution File, Format Version 12.00
# Visual Studio 15
VisualStudioVersion = 15.0.28307.102
MinimumVisualStudioVersion = 10.0.40219.1
Project("{FAE04EC0-301F-11D3-BF4B-00C04F79EFBC}") = "projektPKS", "projektPKS\projektPKS.csproj", "{54DA36E9-8D2C-4CD1-B532-19D49772C518}"
EndProject
Global
	GlobalSection(SolutionConfigurationPlatforms) = preSolution
		Debug|Any CPU = Debug|Any CPU
		Release|Any CPU = Release|Any CPU
	EndGlobalSection
	GlobalSection(ProjectConfigurationPlatforms) = postSolution
		{54DA36E9-8D2C-4CD1-B532-19D49772C518}.Debug|Any CPU.ActiveCfg = Debug|Any CPU
		{54DA36E9-8D2C-4CD1-B532-19D49772C518}.Debug|Any CPU.Build.0 = Debug|Any CPU
		{54DA36E9-8D2C-4CD1-B532-19D49772C518}.Release|Any CPU.ActiveCfg = Release|Any CPU
		{54DA36E9-8D2C-4CD1-B532-19D49772C518}.Release|Any CPU.Build.0 = Release|Any CPU
	EndGlobalSection
	GlobalSection(SolutionProperties) = preSolution
		HideSolutionNode = FALSE
	EndGlobalSection
	GlobalSection(ExtensibilityGlobals) = postSolution
		SolutionGuid = {F89E82CC-A1EA-4E68-91A2-B95ADCBA4048}
	EndGlobalSection
EndGlobal
